
Microsoft Visual Studio Solution File, Format Version 12.00
# Visual Studio Version 16
VisualStudioVersion = 16.0.31105.61
MinimumVisualStudioVersion = 10.0.40219.1
Project("{FAE04EC0-301F-11D3-BF4B-00C04F79EFBC}") = "Corretora.Domain", "Corretora.Domain\Corretora.Domain.csproj", "{C56FAC25-21E6-4F25-B8F0-A5A321291E4B}"
EndProject
Global
	GlobalSection(SolutionConfigurationPlatforms) = preSolution
		Debug|Any CPU = Debug|Any CPU
		Release|Any CPU = Release|Any CPU
	EndGlobalSection
	GlobalSection(ProjectConfigurationPlatforms) = postSolution
		{C56FAC25-21E6-4F25-B8F0-A5A321291E4B}.Debug|Any CPU.ActiveCfg = Debug|Any CPU
		{C56FAC25-21E6-4F25-B8F0-A5A321291E4B}.Debug|Any CPU.Build.0 = Debug|Any CPU
		{C56FAC25-21E6-4F25-B8F0-A5A321291E4B}.Release|Any CPU.ActiveCfg = Release|Any CPU
		{C56FAC25-21E6-4F25-B8F0-A5A321291E4B}.Release|Any CPU.Build.0 = Release|Any CPU
	EndGlobalSection
	GlobalSection(SolutionProperties) = preSolution
		HideSolutionNode = FALSE
	EndGlobalSection
	GlobalSection(ExtensibilityGlobals) = postSolution
		SolutionGuid = {75062E57-111A-4B91-AC82-FB7F9E74874D}
	EndGlobalSection
EndGlobal
